
Microsoft Visual Studio Solution File, Format Version 11.00
# Visual Studio 2010
Project("{FAE04EC0-301F-11D3-BF4B-00C04F79EFBC}") = "ERPNET(192.168.1.199)", "ERPNET(192.168.1.199)\ERPNET(192.168.1.199).csproj", "{3FC1E328-A92B-492F-B9C9-B147A37C086F}"
EndProject
Global
	GlobalSection(SolutionConfigurationPlatforms) = preSolution
		Debug|Any CPU = Debug|Any CPU
		Release|Any CPU = Release|Any CPU
	EndGlobalSection
	GlobalSection(ProjectConfigurationPlatforms) = postSolution
		{3FC1E328-A92B-492F-B9C9-B147A37C086F}.Debug|Any CPU.ActiveCfg = Debug|Any CPU
		{3FC1E328-A92B-492F-B9C9-B147A37C086F}.Debug|Any CPU.Build.0 = Debug|Any CPU
		{3FC1E328-A92B-492F-B9C9-B147A37C086F}.Release|Any CPU.ActiveCfg = Release|Any CPU
		{3FC1E328-A92B-492F-B9C9-B147A37C086F}.Release|Any CPU.Build.0 = Release|Any CPU
	EndGlobalSection
	GlobalSection(SolutionProperties) = preSolution
		HideSolutionNode = FALSE
	EndGlobalSection
EndGlobal
